
Microsoft Visual Studio Solution File, Format Version 12.00
# Visual Studio 15
VisualStudioVersion = 15.0.27428.2015
MinimumVisualStudioVersion = 10.0.40219.1
Project("{9A19103F-16F7-4668-BE54-9A1E7A4F7556}") = "MVC", "ASPNET2\MVC.csproj", "{44B0FC0D-52BB-4F5F-BE4D-DE2B54A4AAE9}"
EndProject
Project("{FAE04EC0-301F-11D3-BF4B-00C04F79EFBC}") = "API", "API\API.csproj", "{CFF147A3-6A94-4CEB-893D-F41A4A68B512}"
EndProject
Global
	GlobalSection(SolutionConfigurationPlatforms) = preSolution
		Debug|Any CPU = Debug|Any CPU
		Release|Any CPU = Release|Any CPU
	EndGlobalSection
	GlobalSection(ProjectConfigurationPlatforms) = postSolution
		{44B0FC0D-52BB-4F5F-BE4D-DE2B54A4AAE9}.Debug|Any CPU.ActiveCfg = Debug|Any CPU
		{44B0FC0D-52BB-4F5F-BE4D-DE2B54A4AAE9}.Debug|Any CPU.Build.0 = Debug|Any CPU
		{44B0FC0D-52BB-4F5F-BE4D-DE2B54A4AAE9}.Release|Any CPU.ActiveCfg = Release|Any CPU
		{44B0FC0D-52BB-4F5F-BE4D-DE2B54A4AAE9}.Release|Any CPU.Build.0 = Release|Any CPU
		{CFF147A3-6A94-4CEB-893D-F41A4A68B512}.Debug|Any CPU.ActiveCfg = Debug|Any CPU
		{CFF147A3-6A94-4CEB-893D-F41A4A68B512}.Debug|Any CPU.Build.0 = Debug|Any CPU
		{CFF147A3-6A94-4CEB-893D-F41A4A68B512}.Release|Any CPU.ActiveCfg = Release|Any CPU
		{CFF147A3-6A94-4CEB-893D-F41A4A68B512}.Release|Any CPU.Build.0 = Release|Any CPU
	EndGlobalSection
	GlobalSection(SolutionProperties) = preSolution
		HideSolutionNode = FALSE
	EndGlobalSection
	GlobalSection(ExtensibilityGlobals) = postSolution
		SolutionGuid = {8DABE212-7EA4-4C05-BB2E-D99FC242A431}
	EndGlobalSection
EndGlobal
